
Microsoft Visual Studio Solution File, Format Version 11.00
# Visual Studio 2010
Project("{FAE04EC0-301F-11D3-BF4B-00C04F79EFBC}") = "Assembly-CSharp-firstpass", "Assembly-CSharp-firstpass.csproj", "{EA8363FE-052E-451B-3929-8F322261C6A8}"
EndProject
Project("{FAE04EC0-301F-11D3-BF4B-00C04F79EFBC}") = "Assembly-CSharp", "Assembly-CSharp.csproj", "{2C3C7F38-D495-B927-EB98-74CCA03DA477}"
EndProject
Project("{FAE04EC0-301F-11D3-BF4B-00C04F79EFBC}") = "Assembly-CSharp-Editor", "Assembly-CSharp-Editor.csproj", "{56D63824-6AF5-95D2-04A6-8195EB0EC8BF}"
EndProject
Project("{FAE04EC0-301F-11D3-BF4B-00C04F79EFBC}") = "Assembly-CSharp-Editor-firstpass", "Assembly-CSharp-Editor-firstpass.csproj", "{0CDFFCA8-B615-6FDC-D3EE-E0BBBF73601E}"
EndProject
Global
	GlobalSection(SolutionConfigurationPlatforms) = preSolution
		Debug|Any CPU = Debug|Any CPU
		Release|Any CPU = Release|Any CPU
	EndGlobalSection
	GlobalSection(ProjectConfigurationPlatforms) = postSolution
		{EA8363FE-052E-451B-3929-8F322261C6A8}.Debug|Any CPU.ActiveCfg = Debug|Any CPU
		{EA8363FE-052E-451B-3929-8F322261C6A8}.Debug|Any CPU.Build.0 = Debug|Any CPU
		{EA8363FE-052E-451B-3929-8F322261C6A8}.Release|Any CPU.ActiveCfg = Release|Any CPU
		{EA8363FE-052E-451B-3929-8F322261C6A8}.Release|Any CPU.Build.0 = Release|Any CPU
		{2C3C7F38-D495-B927-EB98-74CCA03DA477}.Debug|Any CPU.ActiveCfg = Debug|Any CPU
		{2C3C7F38-D495-B927-EB98-74CCA03DA477}.Debug|Any CPU.Build.0 = Debug|Any CPU
		{2C3C7F38-D495-B927-EB98-74CCA03DA477}.Release|Any CPU.ActiveCfg = Release|Any CPU
		{2C3C7F38-D495-B927-EB98-74CCA03DA477}.Release|Any CPU.Build.0 = Release|Any CPU
		{56D63824-6AF5-95D2-04A6-8195EB0EC8BF}.Debug|Any CPU.ActiveCfg = Debug|Any CPU
		{56D63824-6AF5-95D2-04A6-8195EB0EC8BF}.Debug|Any CPU.Build.0 = Debug|Any CPU
		{56D63824-6AF5-95D2-04A6-8195EB0EC8BF}.Release|Any CPU.ActiveCfg = Release|Any CPU
		{56D63824-6AF5-95D2-04A6-8195EB0EC8BF}.Release|Any CPU.Build.0 = Release|Any CPU
		{0CDFFCA8-B615-6FDC-D3EE-E0BBBF73601E}.Debug|Any CPU.ActiveCfg = Debug|Any CPU
		{0CDFFCA8-B615-6FDC-D3EE-E0BBBF73601E}.Debug|Any CPU.Build.0 = Debug|Any CPU
		{0CDFFCA8-B615-6FDC-D3EE-E0BBBF73601E}.Release|Any CPU.ActiveCfg = Release|Any CPU
		{0CDFFCA8-B615-6FDC-D3EE-E0BBBF73601E}.Release|Any CPU.Build.0 = Release|Any CPU
	EndGlobalSection
	GlobalSection(SolutionProperties) = preSolution
		HideSolutionNode = FALSE
	EndGlobalSection
	GlobalSection(MonoDevelopProperties) = preSolution
		StartupItem = Assembly-CSharp.csproj
	EndGlobalSection
EndGlobal
